
Microsoft Visual Studio Solution File, Format Version 12.00
# Visual Studio 15
VisualStudioVersion = 15.0.27703.2035
MinimumVisualStudioVersion = 10.0.40219.1
Project("{FAE04EC0-301F-11D3-BF4B-00C04F79EFBC}") = "SimpleCalcWithDevExpress", "SimpleCalcWithDevExpress\SimpleCalcWithDevExpress.csproj", "{22DCB627-5F55-44FD-8EA4-840050689AD8}"
EndProject
Global
	GlobalSection(SolutionConfigurationPlatforms) = preSolution
		Debug|Any CPU = Debug|Any CPU
		Release|Any CPU = Release|Any CPU
	EndGlobalSection
	GlobalSection(ProjectConfigurationPlatforms) = postSolution
		{22DCB627-5F55-44FD-8EA4-840050689AD8}.Debug|Any CPU.ActiveCfg = Debug|Any CPU
		{22DCB627-5F55-44FD-8EA4-840050689AD8}.Debug|Any CPU.Build.0 = Debug|Any CPU
		{22DCB627-5F55-44FD-8EA4-840050689AD8}.Release|Any CPU.ActiveCfg = Release|Any CPU
		{22DCB627-5F55-44FD-8EA4-840050689AD8}.Release|Any CPU.Build.0 = Release|Any CPU
	EndGlobalSection
	GlobalSection(SolutionProperties) = preSolution
		HideSolutionNode = FALSE
	EndGlobalSection
	GlobalSection(ExtensibilityGlobals) = postSolution
		SolutionGuid = {62465B97-845E-420C-B645-3365997335E9}
	EndGlobalSection
EndGlobal
